
Microsoft Visual Studio Solution File, Format Version 12.00
# Visual Studio Version 17
VisualStudioVersion = 17.3.32811.315
MinimumVisualStudioVersion = 10.0.40219.1
Project("{FAE04EC0-301F-11D3-BF4B-00C04F79EFBC}") = "Lab7T.Android", "Lab7T\Lab7T.Android\Lab7T.Android.csproj", "{00D798DA-C0FC-4196-A7F8-ABEDC34D0B25}"
EndProject
Project("{FAE04EC0-301F-11D3-BF4B-00C04F79EFBC}") = "Lab7T.iOS", "Lab7T\Lab7T.iOS\Lab7T.iOS.csproj", "{16617FDB-88E2-4F57-A7A1-E2C9C76BC1F1}"
EndProject
Project("{FAE04EC0-301F-11D3-BF4B-00C04F79EFBC}") = "Lab7T", "Lab7T\Lab7T\Lab7T.csproj", "{2731344E-24D4-4342-9DB1-34AB78994733}"
EndProject
Global
	GlobalSection(SolutionConfigurationPlatforms) = preSolution
		Debug|Any CPU = Debug|Any CPU
		Debug|iPhone = Debug|iPhone
		Debug|iPhoneSimulator = Debug|iPhoneSimulator
		Release|Any CPU = Release|Any CPU
		Release|iPhone = Release|iPhone
		Release|iPhoneSimulator = Release|iPhoneSimulator
	EndGlobalSection
	GlobalSection(ProjectConfigurationPlatforms) = postSolution
		{00D798DA-C0FC-4196-A7F8-ABEDC34D0B25}.Debug|Any CPU.ActiveCfg = Debug|Any CPU
		{00D798DA-C0FC-4196-A7F8-ABEDC34D0B25}.Debug|Any CPU.Build.0 = Debug|Any CPU
		{00D798DA-C0FC-4196-A7F8-ABEDC34D0B25}.Debug|Any CPU.Deploy.0 = Debug|Any CPU
		{00D798DA-C0FC-4196-A7F8-ABEDC34D0B25}.Debug|iPhone.ActiveCfg = Debug|Any CPU
		{00D798DA-C0FC-4196-A7F8-ABEDC34D0B25}.Debug|iPhone.Build.0 = Debug|Any CPU
		{00D798DA-C0FC-4196-A7F8-ABEDC34D0B25}.Debug|iPhone.Deploy.0 = Debug|Any CPU
		{00D798DA-C0FC-4196-A7F8-ABEDC34D0B25}.Debug|iPhoneSimulator.ActiveCfg = Debug|Any CPU
		{00D798DA-C0FC-4196-A7F8-ABEDC34D0B25}.Debug|iPhoneSimulator.Build.0 = Debug|Any CPU
		{00D798DA-C0FC-4196-A7F8-ABEDC34D0B25}.Debug|iPhoneSimulator.Deploy.0 = Debug|Any CPU
		{00D798DA-C0FC-4196-A7F8-ABEDC34D0B25}.Release|Any CPU.ActiveCfg = Release|Any CPU
		{00D798DA-C0FC-4196-A7F8-ABEDC34D0B25}.Release|Any CPU.Build.0 = Release|Any CPU
		{00D798DA-C0FC-4196-A7F8-ABEDC34D0B25}.Release|Any CPU.Deploy.0 = Release|Any CPU
		{00D798DA-C0FC-4196-A7F8-ABEDC34D0B25}.Release|iPhone.ActiveCfg = Release|Any CPU
		{00D798DA-C0FC-4196-A7F8-ABEDC34D0B25}.Release|iPhone.Build.0 = Release|Any CPU
		{00D798DA-C0FC-4196-A7F8-ABEDC34D0B25}.Release|iPhone.Deploy.0 = Release|Any CPU
		{00D798DA-C0FC-4196-A7F8-ABEDC34D0B25}.Release|iPhoneSimulator.ActiveCfg = Release|Any CPU
		{00D798DA-C0FC-4196-A7F8-ABEDC34D0B25}.Release|iPhoneSimulator.Build.0 = Release|Any CPU
		{00D798DA-C0FC-4196-A7F8-ABEDC34D0B25}.Release|iPhoneSimulator.Deploy.0 = Release|Any CPU
		{16617FDB-88E2-4F57-A7A1-E2C9C76BC1F1}.Debug|Any CPU.ActiveCfg = Debug|iPhone
		{16617FDB-88E2-4F57-A7A1-E2C9C76BC1F1}.Debug|Any CPU.Build.0 = Debug|iPhone
		{16617FDB-88E2-4F57-A7A1-E2C9C76BC1F1}.Debug|Any CPU.Deploy.0 = Debug|iPhone
		{16617FDB-88E2-4F57-A7A1-E2C9C76BC1F1}.Debug|iPhone.ActiveCfg = Debug|iPhone
		{16617FDB-88E2-4F57-A7A1-E2C9C76BC1F1}.Debug|iPhone.Build.0 = Debug|iPhone
		{16617FDB-88E2-4F57-A7A1-E2C9C76BC1F1}.Debug|iPhone.Deploy.0 = Debug|iPhone
		{16617FDB-88E2-4F57-A7A1-E2C9C76BC1F1}.Debug|iPhoneSimulator.ActiveCfg = Debug|iPhoneSimulator
		{16617FDB-88E2-4F57-A7A1-E2C9C76BC1F1}.Debug|iPhoneSimulator.Build.0 = Debug|iPhoneSimulator
		{16617FDB-88E2-4F57-A7A1-E2C9C76BC1F1}.Debug|iPhoneSimulator.Deploy.0 = Debug|iPhoneSimulator
		{16617FDB-88E2-4F57-A7A1-E2C9C76BC1F1}.Release|Any CPU.ActiveCfg = Release|iPhoneSimulator
		{16617FDB-88E2-4F57-A7A1-E2C9C76BC1F1}.Release|Any CPU.Build.0 = Release|iPhoneSimulator
		{16617FDB-88E2-4F57-A7A1-E2C9C76BC1F1}.Release|Any CPU.Deploy.0 = Release|iPhoneSimulator
		{16617FDB-88E2-4F57-A7A1-E2C9C76BC1F1}.Release|iPhone.ActiveCfg = Release|iPhone
		{16617FDB-88E2-4F57-A7A1-E2C9C76BC1F1}.Release|iPhone.Build.0 = Release|iPhone
		{16617FDB-88E2-4F57-A7A1-E2C9C76BC1F1}.Release|iPhone.Deploy.0 = Release|iPhone
		{16617FDB-88E2-4F57-A7A1-E2C9C76BC1F1}.Release|iPhoneSimulator.ActiveCfg = Release|iPhoneSimulator
		{16617FDB-88E2-4F57-A7A1-E2C9C76BC1F1}.Release|iPhoneSimulator.Build.0 = Release|iPhoneSimulator
		{16617FDB-88E2-4F57-A7A1-E2C9C76BC1F1}.Release|iPhoneSimulator.Deploy.0 = Release|iPhoneSimulator
		{2731344E-24D4-4342-9DB1-34AB78994733}.Debug|Any CPU.ActiveCfg = Debug|Any CPU
		{2731344E-24D4-4342-9DB1-34AB78994733}.Debug|Any CPU.Build.0 = Debug|Any CPU
		{2731344E-24D4-4342-9DB1-34AB78994733}.Debug|Any CPU.Deploy.0 = Debug|Any CPU
		{2731344E-24D4-4342-9DB1-34AB78994733}.Debug|iPhone.ActiveCfg = Debug|Any CPU
		{2731344E-24D4-4342-9DB1-34AB78994733}.Debug|iPhone.Build.0 = Debug|Any CPU
		{2731344E-24D4-4342-9DB1-34AB78994733}.Debug|iPhone.Deploy.0 = Debug|Any CPU
		{2731344E-24D4-4342-9DB1-34AB78994733}.Debug|iPhoneSimulator.ActiveCfg = Debug|Any CPU
		{2731344E-24D4-4342-9DB1-34AB78994733}.Debug|iPhoneSimulator.Build.0 = Debug|Any CPU
		{2731344E-24D4-4342-9DB1-34AB78994733}.Debug|iPhoneSimulator.Deploy.0 = Debug|Any CPU
		{2731344E-24D4-4342-9DB1-34AB78994733}.Release|Any CPU.ActiveCfg = Release|Any CPU
		{2731344E-24D4-4342-9DB1-34AB78994733}.Release|Any CPU.Build.0 = Release|Any CPU
		{2731344E-24D4-4342-9DB1-34AB78994733}.Release|Any CPU.Deploy.0 = Release|Any CPU
		{2731344E-24D4-4342-9DB1-34AB78994733}.Release|iPhone.ActiveCfg = Release|Any CPU
		{2731344E-24D4-4342-9DB1-34AB78994733}.Release|iPhone.Build.0 = Release|Any CPU
		{2731344E-24D4-4342-9DB1-34AB78994733}.Release|iPhone.Deploy.0 = Release|Any CPU
		{2731344E-24D4-4342-9DB1-34AB78994733}.Release|iPhoneSimulator.ActiveCfg = Release|Any CPU
		{2731344E-24D4-4342-9DB1-34AB78994733}.Release|iPhoneSimulator.Build.0 = Release|Any CPU
		{2731344E-24D4-4342-9DB1-34AB78994733}.Release|iPhoneSimulator.Deploy.0 = Release|Any CPU
	EndGlobalSection
	GlobalSection(SolutionProperties) = preSolution
		HideSolutionNode = FALSE
	EndGlobalSection
	GlobalSection(ExtensibilityGlobals) = postSolution
		SolutionGuid = {41FEEFC2-17D4-42A7-A88D-7CBE2CABDB2D}
	EndGlobalSection
EndGlobal
